
Microsoft Visual Studio Solution File, Format Version 12.00
# Visual Studio Version 16
VisualStudioVersion = 25.0.1704.0
MinimumVisualStudioVersion = 10.0.40219.1
Project("{FAE04EC0-301F-11D3-BF4B-00C04F79EFBC}") = "Grow.Server", "Grow\Server\Grow.Server.csproj", "{D2ECE303-8381-420A-8441-3157148ECFF2}"
EndProject
Project("{FAE04EC0-301F-11D3-BF4B-00C04F79EFBC}") = "Grow.Client", "Grow\Client\Grow.Client.csproj", "{B9D5B328-A627-43AF-BB01-51745CF1E9AD}"
EndProject
Project("{FAE04EC0-301F-11D3-BF4B-00C04F79EFBC}") = "Grow.Shared", "Grow\Shared\Grow.Shared.csproj", "{00DCDD77-5255-4C66-8CEA-556CC9DFB9F7}"
EndProject
Global
	GlobalSection(SolutionConfigurationPlatforms) = preSolution
		Debug|Any CPU = Debug|Any CPU
		Release|Any CPU = Release|Any CPU
	EndGlobalSection
	GlobalSection(ProjectConfigurationPlatforms) = postSolution
		{D2ECE303-8381-420A-8441-3157148ECFF2}.Debug|Any CPU.ActiveCfg = Debug|Any CPU
		{D2ECE303-8381-420A-8441-3157148ECFF2}.Debug|Any CPU.Build.0 = Debug|Any CPU
		{D2ECE303-8381-420A-8441-3157148ECFF2}.Release|Any CPU.ActiveCfg = Release|Any CPU
		{D2ECE303-8381-420A-8441-3157148ECFF2}.Release|Any CPU.Build.0 = Release|Any CPU
		{B9D5B328-A627-43AF-BB01-51745CF1E9AD}.Debug|Any CPU.ActiveCfg = Debug|Any CPU
		{B9D5B328-A627-43AF-BB01-51745CF1E9AD}.Debug|Any CPU.Build.0 = Debug|Any CPU
		{B9D5B328-A627-43AF-BB01-51745CF1E9AD}.Release|Any CPU.ActiveCfg = Release|Any CPU
		{B9D5B328-A627-43AF-BB01-51745CF1E9AD}.Release|Any CPU.Build.0 = Release|Any CPU
		{00DCDD77-5255-4C66-8CEA-556CC9DFB9F7}.Debug|Any CPU.ActiveCfg = Debug|Any CPU
		{00DCDD77-5255-4C66-8CEA-556CC9DFB9F7}.Debug|Any CPU.Build.0 = Debug|Any CPU
		{00DCDD77-5255-4C66-8CEA-556CC9DFB9F7}.Release|Any CPU.ActiveCfg = Release|Any CPU
		{00DCDD77-5255-4C66-8CEA-556CC9DFB9F7}.Release|Any CPU.Build.0 = Release|Any CPU
	EndGlobalSection
	GlobalSection(SolutionProperties) = preSolution
		HideSolutionNode = FALSE
	EndGlobalSection
	GlobalSection(ExtensibilityGlobals) = postSolution
		SolutionGuid = {22940EC8-D3AE-4398-A7BC-C8B4A4905F04}
	EndGlobalSection
EndGlobal
